dependencies:
- name: common
  repository: https://charts.bitnami.com/bitnami
  version: 1.16.0
- name: postgresql
  repository: https://charts.bitnami.com/bitnami
  version: 10.16.2
- name: minio
  repository: https://charts.bitnami.com/bitnami
  version: 11.7.6
digest: sha256:02ab4ecd12f0cf8b38fce9f0ac1a7826870506b531e3221d9f0566f42e2ec315
generated: "2022-06-22T01:30:03.40750986-03:00"
